// !$*UTF8*$!
{
	archiveVersion = 1;
	classes = {
	};
	objectVersion = 46;
	objects = {

/* Begin PBXBuildFile section */
		0C40C24B1FFE01AB00C08B83 /* newCollectionViewCell.swift in Sources */ = {isa = PBXBuildFile; fileRef = 0C40C2491FFE01AB00C08B83 /* newCollectionViewCell.swift */; };
		0C40C24C1FFE01AB00C08B83 /* newCollectionViewCell.xib in Resources */ = {isa = PBXBuildFile; fileRef = 0C40C24A1FFE01AB00C08B83 /* newCollectionViewCell.xib */; };
		0C40C24E1FFE039C00C08B83 /* NewViewController.swift in Sources */ = {isa = PBXBuildFile; fileRef = 0C40C24D1FFE039C00C08B83 /* NewViewController.swift */; };
		0C4BD7041FDF9931005D79D6 /* AppDelegate.swift in Sources */ = {isa = PBXBuildFile; fileRef = 0C4BD7031FDF9931005D79D6 /* AppDelegate.swift */; };
		0C4BD7061FDF9931005D79D6 /* ViewController.swift in Sources */ = {isa = PBXBuildFile; fileRef = 0C4BD7051FDF9931005D79D6 /* ViewController.swift */; };
		0C4BD7091FDF9931005D79D6 /* Main.storyboard in Resources */ = {isa = PBXBuildFile; fileRef = 0C4BD7071FDF9931005D79D6 /* Main.storyboard */; };
		0C4BD70B1FDF9931005D79D6 /* Assets.xcassets in Resources */ = {isa = PBXBuildFile; fileRef = 0C4BD70A1FDF9931005D79D6 /* Assets.xcassets */; };
		0C4BD70E1FDF9931005D79D6 /* LaunchScreen.storyboard in Resources */ = {isa = PBXBuildFile; fileRef = 0C4BD70C1FDF9931005D79D6 /* LaunchScreen.storyboard */; };
		0C4BD7191FDF9931005D79D6 /* DynamicCollectionviewTests.swift in Sources */ = {isa = PBXBuildFile; fileRef = 0C4BD7181FDF9931005D79D6 /* DynamicCollectionviewTests.swift */; };
		0C4BD7241FDF9931005D79D6 /* DynamicCollectionviewUITests.swift in Sources */ = {isa = PBXBuildFile; fileRef = 0C4BD7231FDF9931005D79D6 /* DynamicCollectionviewUITests.swift */; };
		0C4BD7321FDF9F6E005D79D6 /* CustomCollectionViewCell.swift in Sources */ = {isa = PBXBuildFile; fileRef = 0C4BD7311FDF9F6E005D79D6 /* CustomCollectionViewCell.swift */; };
		0CA1EB841FE2B284003F7A7F /* StackViewController.swift in Sources */ = {isa = PBXBuildFile; fileRef = 0CA1EB831FE2B284003F7A7F /* StackViewController.swift */; };
/* End PBXBuildFile section */

/* Begin PBXContainerItemProxy section */
		0C4BD7151FDF9931005D79D6 /* PBXContainerItemProxy */ = {
			isa = PBXContainerItemProxy;
			containerPortal = 0C4BD6F81FDF9931005D79D6 /* Project object */;
			proxyType = 1;
			remoteGlobalIDString = 0C4BD6FF1FDF9931005D79D6;
			remoteInfo = DynamicCollectionview;
		};
		0C4BD7201FDF9931005D79D6 /* PBXContainerItemProxy */ = {
			isa = PBXContainerItemProxy;
			containerPortal = 0C4BD6F81FDF9931005D79D6 /* Project object */;
			proxyType = 1;
			remoteGlobalIDString = 0C4BD6FF1FDF9931005D79D6;
			remoteInfo = DynamicCollectionview;
		};
/* End PBXContainerItemProxy section */

/* Begin PBXFileReference section */
		0C40C2491FFE01AB00C08B83 /* newCollectionViewCell.swift */ = {isa = PBXFileReference; lastKnownFileType = sourcecode.swift; path = newCollectionViewCell.swift; sourceTree = "<group>"; };
		0C40C24A1FFE01AB00C08B83 /* newCollectionViewCell.xib */ = {isa = PBXFileReference; lastKnownFileType = file.xib; path = newCollectionViewCell.xib; sourceTree = "<group>"; };
		0C40C24D1FFE039C00C08B83 /* NewViewController.swift */ = {isa = PBXFileReference; lastKnownFileType = sourcecode.swift; path = NewViewController.swift; sourceTree = "<group>"; };
		0C4BD7001FDF9931005D79D6 /* DynamicCollectionview.app */ = {isa = PBXFileReference; explicitFileType = wrapper.application; includeInIndex = 0; path = DynamicCollectionview.app; sourceTree = BUILT_PRODUCTS_DIR; };
		0C4BD7031FDF9931005D79D6 /* AppDelegate.swift */ = {isa = PBXFileReference; lastKnownFileType = sourcecode.swift; path = AppDelegate.swift; sourceTree = "<group>"; };
		0C4BD7051FDF9931005D79D6 /* ViewController.swift */ = {isa = PBXFileReference; lastKnownFileType = sourcecode.swift; path = ViewController.swift; sourceTree = "<group>"; };
		0C4BD7081FDF9931005D79D6 /* Base */ = {isa = PBXFileReference; lastKnownFileType = file.storyboard; name = Base; path = Base.lproj/Main.storyboard; sourceTree = "<group>"; };
		0C4BD70A1FDF9931005D79D6 /* Assets.xcassets */ = {isa = PBXFileReference; lastKnownFileType = folder.assetcatalog; path = Assets.xcassets; sourceTree = "<group>"; };
		0C4BD70D1FDF9931005D79D6 /* Base */ = {isa = PBXFileReference; lastKnownFileType = file.storyboard; name = Base; path = Base.lproj/LaunchScreen.storyboard; sourceTree = "<group>"; };
		0C4BD70F1FDF9931005D79D6 /* Info.plist */ = {isa = PBXFileReference; lastKnownFileType = text.plist.xml; path = Info.plist; sourceTree = "<group>"; };
		0C4BD7141FDF9931005D79D6 /* DynamicCollectionviewTests.xctest */ = {isa = PBXFileReference; explicitFileType = wrapper.cfbundle; includeInIndex = 0; path = DynamicCollectionviewTests.xctest; sourceTree = BUILT_PRODUCTS_DIR; };
		0C4BD7181FDF9931005D79D6 /* DynamicCollectionviewTests.swift */ = {isa = PBXFileReference; lastKnownFileType = sourcecode.swift; path = DynamicCollectionviewTests.swift; sourceTree = "<group>"; };
		0C4BD71A1FDF9931005D79D6 /* Info.plist */ = {isa = PBXFileReference; lastKnownFileType = text.plist.xml; path = Info.plist; sourceTree = "<group>"; };
		0C4BD71F1FDF9931005D79D6 /* DynamicCollectionviewUITests.xctest */ = {isa = PBXFileReference; explicitFileType = wrapper.cfbundle; includeInIndex = 0; path = DynamicCollectionviewUITests.xctest; sourceTree = BUILT_PRODUCTS_DIR; };
		0C4BD7231FDF9931005D79D6 /* DynamicCollectionviewUITests.swift */ = {isa = PBXFileReference; lastKnownFileType = sourcecode.swift; path = DynamicCollectionviewUITests.swift; sourceTree = "<group>"; };
		0C4BD7251FDF9932005D79D6 /* Info.plist */ = {isa = PBXFileReference; lastKnownFileType = text.plist.xml; path = Info.plist; sourceTree = "<group>"; };
		0C4BD7311FDF9F6E005D79D6 /* CustomCollectionViewCell.swift */ = {isa = PBXFileReference; fileEncoding = 4; lastKnownFileType = sourcecode.swift; path = CustomCollectionViewCell.swift; sourceTree = "<group>"; };
		0CA1EB831FE2B284003F7A7F /* StackViewController.swift */ = {isa = PBXFileReference; fileEncoding = 4; lastKnownFileType = sourcecode.swift; path = StackViewController.swift; sourceTree = "<group>"; };
/* End PBXFileReference section */

/* Begin PBXFrameworksBuildPhase section */
		0C4BD6FD1FDF9931005D79D6 /* Frameworks */ = {
			isa = PBXFrameworksBuildPhase;
			buildActionMask = 2147483647;
			files = (
			);
			runOnlyForDeploymentPostprocessing = 0;
		};
		0C4BD7111FDF9931005D79D6 /* Frameworks */ = {
			isa = PBXFrameworksBuildPhase;
			buildActionMask = 2147483647;
			files = (
			);
			runOnlyForDeploymentPostprocessing = 0;
		};
		0C4BD71C1FDF9931005D79D6 /* Frameworks */ = {
			isa = PBXFrameworksBuildPhase;
			buildActionMask = 2147483647;
			files = (
			);
			runOnlyForDeploymentPostprocessing = 0;
		};
/* End PBXFrameworksBuildPhase section */

/* Begin PBXGroup section */
		0C4BD6F71FDF9931005D79D6 = {
			isa = PBXGroup;
			children = (
				0CA1EB831FE2B284003F7A7F /* StackViewController.swift */,
				0C4BD7311FDF9F6E005D79D6 /* CustomCollectionViewCell.swift */,
				0C4BD7021FDF9931005D79D6 /* DynamicCollectionview */,
				0C4BD7171FDF9931005D79D6 /* DynamicCollectionviewTests */,
				0C4BD7221FDF9931005D79D6 /* DynamicCollectionviewUITests */,
				0C4BD7011FDF9931005D79D6 /* Products */,
			);
			sourceTree = "<group>";
		};
		0C4BD7011FDF9931005D79D6 /* Products */ = {
			isa = PBXGroup;
			children = (
				0C4BD7001FDF9931005D79D6 /* DynamicCollectionview.app */,
				0C4BD7141FDF9931005D79D6 /* DynamicCollectionviewTests.xctest */,
				0C4BD71F1FDF9931005D79D6 /* DynamicCollectionviewUITests.xctest */,
			);
			name = Products;
			sourceTree = "<group>";
		};
		0C4BD7021FDF9931005D79D6 /* DynamicCollectionview */ = {
			isa = PBXGroup;
			children = (
				0C4BD7031FDF9931005D79D6 /* AppDelegate.swift */,
				0C4BD7051FDF9931005D79D6 /* ViewController.swift */,
				0C4BD7071FDF9931005D79D6 /* Main.storyboard */,
				0C4BD70A1FDF9931005D79D6 /* Assets.xcassets */,
				0C4BD70C1FDF9931005D79D6 /* LaunchScreen.storyboard */,
				0C4BD70F1FDF9931005D79D6 /* Info.plist */,
				0C40C2491FFE01AB00C08B83 /* newCollectionViewCell.swift */,
				0C40C24A1FFE01AB00C08B83 /* newCollectionViewCell.xib */,
				0C40C24D1FFE039C00C08B83 /* NewViewController.swift */,
			);
			path = DynamicCollectionview;
			sourceTree = "<group>";
		};
		0C4BD7171FDF9931005D79D6 /* DynamicCollectionviewTests */ = {
			isa = PBXGroup;
			children = (
				0C4BD7181FDF9931005D79D6 /* DynamicCollectionviewTests.swift */,
				0C4BD71A1FDF9931005D79D6 /* Info.plist */,
			);
			path = DynamicCollectionviewTests;
			sourceTree = "<group>";
		};
		0C4BD7221FDF9931005D79D6 /* DynamicCollectionviewUITests */ = {
			isa = PBXGroup;
			children = (
				0C4BD7231FDF9931005D79D6 /* DynamicCollectionviewUITests.swift */,
				0C4BD7251FDF9932005D79D6 /* Info.plist */,
			);
			path = DynamicCollectionviewUITests;
			sourceTree = "<group>";
		};
/* End PBXGroup section */

/* Begin PBXNativeTarget section */
		0C4BD6FF1FDF9931005D79D6 /* DynamicCollectionview */ = {
			isa = PBXNativeTarget;
			buildConfigurationList = 0C4BD7281FDF9932005D79D6 /* Build configuration list for PBXNativeTarget "DynamicCollectionview" */;
			buildPhases = (
				0C4BD6FC1FDF9931005D79D6 /* Sources */,
				0C4BD6FD1FDF9931005D79D6 /* Frameworks */,
				0C4BD6FE1FDF9931005D79D6 /* Resources */,
			);
			buildRules = (
			);
			dependencies = (
			);
			name = DynamicCollectionview;
			productName = DynamicCollectionview;
			productReference = 0C4BD7001FDF9931005D79D6 /* DynamicCollectionview.app */;
			productType = "com.apple.product-type.application";
		};
		0C4BD7131FDF9931005D79D6 /* DynamicCollectionviewTests */ = {
			isa = PBXNativeTarget;
			buildConfigurationList = 0C4BD72B1FDF9932005D79D6 /* Build configuration list for PBXNativeTarget "DynamicCollectionviewTests" */;
			buildPhases = (
				0C4BD7101FDF9931005D79D6 /* Sources */,
				0C4BD7111FDF9931005D79D6 /* Frameworks */,
				0C4BD7121FDF9931005D79D6 /* Resources */,
			);
			buildRules = (
			);
			dependencies = (
				0C4BD7161FDF9931005D79D6 /* PBXTargetDependency */,
			);
			name = DynamicCollectionviewTests;
			productName = DynamicCollectionviewTests;
			productReference = 0C4BD7141FDF9931005D79D6 /* DynamicCollectionviewTests.xctest */;
			productType = "com.apple.product-type.bundle.unit-test";
		};
		0C4BD71E1FDF9931005D79D6 /* DynamicCollectionviewUITests */ = {
			isa = PBXNativeTarget;
			buildConfigurationList = 0C4BD72E1FDF9932005D79D6 /* Build configuration list for PBXNativeTarget "DynamicCollectionviewUITests" */;
			buildPhases = (
				0C4BD71B1FDF9931005D79D6 /* Sources */,
				0C4BD71C1FDF9931005D79D6 /* Frameworks */,
				0C4BD71D1FDF9931005D79D6 /* Resources */,
			);
			buildRules = (
			);
			dependencies = (
				0C4BD7211FDF9931005D79D6 /* PBXTargetDependency */,
			);
			name = DynamicCollectionviewUITests;
			productName = DynamicCollectionviewUITests;
			productReference = 0C4BD71F1FDF9931005D79D6 /* DynamicCollectionviewUITests.xctest */;
			productType = "com.apple.product-type.bundle.ui-testing";
		};
/* End PBXNativeTarget section */

/* Begin PBXProject section */
		0C4BD6F81FDF9931005D79D6 /* Project object */ = {
			isa = PBXProject;
			attributes = {
				LastSwiftUpdateCheck = 0830;
				LastUpgradeCheck = 0830;
				ORGANIZATIONNAME = "GLB-312-PC";
				TargetAttributes = {
					0C4BD6FF1FDF9931005D79D6 = {
						CreatedOnToolsVersion = 8.3.2;
						DevelopmentTeam = LW9EP5U6JZ;
						ProvisioningStyle = Automatic;
					};
					0C4BD7131FDF9931005D79D6 = {
						CreatedOnToolsVersion = 8.3.2;
						DevelopmentTeam = LW9EP5U6JZ;
						ProvisioningStyle = Automatic;
						TestTargetID = 0C4BD6FF1FDF9931005D79D6;
					};
					0C4BD71E1FDF9931005D79D6 = {
						CreatedOnToolsVersion = 8.3.2;
						DevelopmentTeam = LW9EP5U6JZ;
						ProvisioningStyle = Automatic;
						TestTargetID = 0C4BD6FF1FDF9931005D79D6;
					};
				};
			};
			buildConfigurationList = 0C4BD6FB1FDF9931005D79D6 /* Build configuration list for PBXProject "DynamicCollectionview" */;
			compatibilityVersion = "Xcode 3.2";
			developmentRegion = English;
			hasScannedForEncodings = 0;
			knownRegions = (
				en,
				Base,
			);
			mainGroup = 0C4BD6F71FDF9931005D79D6;
			productRefGroup = 0C4BD7011FDF9931005D79D6 /* Products */;
			projectDirPath = "";
			projectRoot = "";
			targets = (
				0C4BD6FF1FDF9931005D79D6 /* DynamicCollectionview */,
				0C4BD7131FDF9931005D79D6 /* DynamicCollectionviewTests */,
				0C4BD71E1FDF9931005D79D6 /* DynamicCollectionviewUITests */,
			);
		};
/* End PBXProject section */

/* Begin PBXResourcesBuildPhase section */
		0C4BD6FE1FDF9931005D79D6 /* Resources */ = {
			isa = PBXResourcesBuildPhase;
			buildActionMask = 2147483647;
			files = (
				0C4BD70E1FDF9931005D79D6 /* LaunchScreen.storyboard in Resources */,
				0C4BD70B1FDF9931005D79D6 /* Assets.xcassets in Resources */,
				0C4BD7091FDF9931005D79D6 /* Main.storyboard in Resources */,
				0C40C24C1FFE01AB00C08B83 /* newCollectionViewCell.xib in Resources */,
			);
			runOnlyForDeploymentPostprocessing = 0;
		};
		0C4BD7121FDF9931005D79D6 /* Resources */ = {
			isa = PBXResourcesBuildPhase;
			buildActionMask = 2147483647;
			files = (
			);
			runOnlyForDeploymentPostprocessing = 0;
		};
		0C4BD71D1FDF9931005D79D6 /* Resources */ = {
			isa = PBXResourcesBuildPhase;
			buildActionMask = 2147483647;
			files = (
			);
			runOnlyForDeploymentPostprocessing = 0;
		};
/* End PBXResourcesBuildPhase section */

/* Begin PBXSourcesBuildPhase section */
		0C4BD6FC1FDF9931005D79D6 /* Sources */ = {
			isa = PBXSourcesBuildPhase;
			buildActionMask = 2147483647;
			files = (
				0C4BD7061FDF9931005D79D6 /* ViewController.swift in Sources */,
				0CA1EB841FE2B284003F7A7F /* StackViewController.swift in Sources */,
				0C4BD7321FDF9F6E005D79D6 /* CustomCollectionViewCell.swift in Sources */,
				0C40C24E1FFE039C00C08B83 /* NewViewController.swift in Sources */,
				0C4BD7041FDF9931005D79D6 /* AppDelegate.swift in Sources */,
				0C40C24B1FFE01AB00C08B83 /* newCollectionViewCell.swift in Sources */,
			);
			runOnlyForDeploymentPostprocessing = 0;
		};
		0C4BD7101FDF9931005D79D6 /* Sources */ = {
			isa = PBXSourcesBuildPhase;
			buildActionMask = 2147483647;
			files = (
				0C4BD7191FDF9931005D79D6 /* DynamicCollectionviewTests.swift in Sources */,
			);
			runOnlyForDeploymentPostprocessing = 0;
		};
		0C4BD71B1FDF9931005D79D6 /* Sources */ = {
			isa = PBXSourcesBuildPhase;
			buildActionMask = 2147483647;
			files = (
				0C4BD7241FDF9931005D79D6 /* DynamicCollectionviewUITests.swift in Sources */,
			);
			runOnlyForDeploymentPostprocessing = 0;
		};
/* End PBXSourcesBuildPhase section */

/* Begin PBXTargetDependency section */
		0C4BD7161FDF9931005D79D6 /* PBXTargetDependency */ = {
			isa = PBXTargetDependency;
			target = 0C4BD6FF1FDF9931005D79D6 /* DynamicCollectionview */;
			targetProxy = 0C4BD7151FDF9931005D79D6 /* PBXContainerItemProxy */;
		};
		0C4BD7211FDF9931005D79D6 /* PBXTargetDependency */ = {
			isa = PBXTargetDependency;
			target = 0C4BD6FF1FDF9931005D79D6 /* DynamicCollectionview */;
			targetProxy = 0C4BD7201FDF9931005D79D6 /* PBXContainerItemProxy */;
		};
/* End PBXTargetDependency section */

/* Begin PBXVariantGroup section */
		0C4BD7071FDF9931005D79D6 /* Main.storyboard */ = {
			isa = PBXVariantGroup;
			children = (
				0C4BD7081FDF9931005D79D6 /* Base */,
			);
			name = Main.storyboard;
			sourceTree = "<group>";
		};
		0C4BD70C1FDF9931005D79D6 /* LaunchScreen.storyboard */ = {
			isa = PBXVariantGroup;
			children = (
				0C4BD70D1FDF9931005D79D6 /* Base */,
			);
			name = LaunchScreen.storyboard;
			sourceTree = "<group>";
		};
/* End PBXVariantGroup section */

/* Begin XCBuildConfiguration section */
		0C4BD7261FDF9932005D79D6 /* Debug */ = {
			isa = XCBuildConfiguration;
			buildSettings = {
				ALWAYS_SEARCH_USER_PATHS = NO;
				CLANG_ANALYZER_NONNULL = YES;
				CLANG_ANALYZER_NUMBER_OBJECT_CONVERSION = YES_AGGRESSIVE;
				CLANG_CXX_LANGUAGE_STANDARD = "gnu++0x";
				CLANG_CXX_LIBRARY = "libc++";
				CLANG_ENABLE_MODULES = YES;
				CLANG_ENABLE_OBJC_ARC = YES;
				CLANG_WARN_BOOL_CONVERSION = YES;
				CLANG_WARN_CONSTANT_CONVERSION = YES;
				CLANG_WARN_DIRECT_OBJC_ISA_USAGE = YES_ERROR;
				CLANG_WARN_DOCUMENTATION_COMMENTS = YES;
				CLANG_WARN_EMPTY_BODY = YES;
				CLANG_WARN_ENUM_CONVERSION = YES;
				CLANG_WARN_INFINITE_RECURSION = YES;
				CLANG_WARN_INT_CONVERSION = YES;
				CLANG_WARN_OBJC_ROOT_CLASS = YES_ERROR;
				CLANG_WARN_SUSPICIOUS_MOVE = YES;
				CLANG_WARN_UNREACHABLE_CODE = YES;
				CLANG_WARN__DUPLICATE_METHOD_MATCH = YES;
				"CODE_SIGN_IDENTITY[sdk=iphoneos*]" = "iPhone Developer";
				COPY_PHASE_STRIP = NO;
				DEBUG_INFORMATION_FORMAT = dwarf;
				ENABLE_STRICT_OBJC_MSGSEND = YES;
				ENABLE_TESTABILITY = YES;
				GCC_C_LANGUAGE_STANDARD = gnu99;
				GCC_DYNAMIC_NO_PIC = NO;
				GCC_NO_COMMON_BLOCKS = YES;
				GCC_OPTIMIZATION_LEVEL = 0;
				GCC_PREPROCESSOR_DEFINITIONS = (
					"DEBUG=1",
					"$(inherited)",
				);
				GCC_WARN_64_TO_32_BIT_CONVERSION = YES;
				GCC_WARN_ABOUT_RETURN_TYPE = YES_ERROR;
				GCC_WARN_UNDECLARED_SELECTOR = YES;
				GCC_WARN_UNINITIALIZED_AUTOS = YES_AGGRESSIVE;
				GCC_WARN_UNUSED_FUNCTION = YES;
				GCC_WARN_UNUSED_VARIABLE = YES;
				IPHONEOS_DEPLOYMENT_TARGET = 10.3;
				MTL_ENABLE_DEBUG_INFO = YES;
				ONLY_ACTIVE_ARCH = YES;
				SDKROOT = iphoneos;
				SWIFT_ACTIVE_COMPILATION_CONDITIONS = DEBUG;
				SWIFT_OPTIMIZATION_LEVEL = "-Onone";
			};
			name = Debug;
		};
		0C4BD7271FDF9932005D79D6 /* Release */ = {
			isa = XCBuildConfiguration;
			buildSettings = {
				ALWAYS_SEARCH_USER_PATHS = NO;
				CLANG_ANALYZER_NONNULL = YES;
				CLANG_ANALYZER_NUMBER_OBJECT_CONVERSION = YES_AGGRESSIVE;
				CLANG_CXX_LANGUAGE_STANDARD = "gnu++0x";
				CLANG_CXX_LIBRARY = "libc++";
				CLANG_ENABLE_MODULES = YES;
				CLANG_ENABLE_OBJC_ARC = YES;
				CLANG_WARN_BOOL_CONVERSION = YES;
				CLANG_WARN_CONSTANT_CONVERSION = YES;
				CLANG_WARN_DIRECT_OBJC_ISA_USAGE = YES_ERROR;
				CLANG_WARN_DOCUMENTATION_COMMENTS = YES;
				CLANG_WARN_EMPTY_BODY = YES;
				CLANG_WARN_ENUM_CONVERSION = YES;
				CLANG_WARN_INFINITE_RECURSION = YES;
				CLANG_WARN_INT_CONVERSION = YES;
				CLANG_WARN_OBJC_ROOT_CLASS = YES_ERROR;
				CLANG_WARN_SUSPICIOUS_MOVE = YES;
				CLANG_WARN_UNREACHABLE_CODE = YES;
				CLANG_WARN__DUPLICATE_METHOD_MATCH = YES;
				"CODE_SIGN_IDENTITY[sdk=iphoneos*]" = "iPhone Developer";
				COPY_PHASE_STRIP = NO;
				DEBUG_INFORMATION_FORMAT = "dwarf-with-dsym";
				ENABLE_NS_ASSERTIONS = NO;
				ENABLE_STRICT_OBJC_MSGSEND = YES;
				GCC_C_LANGUAGE_STANDARD = gnu99;
				GCC_NO_COMMON_BLOCKS = YES;
				GCC_WARN_64_TO_32_BIT_CONVERSION = YES;
				GCC_WARN_ABOUT_RETURN_TYPE = YES_ERROR;
				GCC_WARN_UNDECLARED_SELECTOR = YES;
				GCC_WARN_UNINITIALIZED_AUTOS = YES_AGGRESSIVE;
				GCC_WARN_UNUSED_FUNCTION = YES;
				GCC_WARN_UNUSED_VARIABLE = YES;
				IPHONEOS_DEPLOYMENT_TARGET = 10.3;
				MTL_ENABLE_DEBUG_INFO = NO;
				SDKROOT = iphoneos;
				SWIFT_OPTIMIZATION_LEVEL = "-Owholemodule";
				VALIDATE_PRODUCT = YES;
			};
			name = Release;
		};
		0C4BD7291FDF9932005D79D6 /* Debug */ = {
			isa = XCBuildConfiguration;
			buildSettings = {
				ASSETCATALOG_COMPILER_APPICON_NAME = AppIcon;
				DEVELOPMENT_TEAM = LW9EP5U6JZ;
				INFOPLIST_FILE = DynamicCollectionview/Info.plist;
				LD_RUNPATH_SEARCH_PATHS = "$(inherited) @executable_path/Frameworks";
				PRODUCT_BUNDLE_IDENTIFIER = com.dominatorhouse.DynamicCollectionview;
				PRODUCT_NAME = "$(TARGET_NAME)";
				SWIFT_VERSION = 3.0;
			};
			name = Debug;
		};
		0C4BD72A1FDF9932005D79D6 /* Release */ = {
			isa = XCBuildConfiguration;
			buildSettings = {
				ASSETCATALOG_COMPILER_APPICON_NAME = AppIcon;
				DEVELOPMENT_TEAM = LW9EP5U6JZ;
				INFOPLIST_FILE = DynamicCollectionview/Info.plist;
				LD_RUNPATH_SEARCH_PATHS = "$(inherited) @executable_path/Frameworks";
				PRODUCT_BUNDLE_IDENTIFIER = com.dominatorhouse.DynamicCollectionview;
				PRODUCT_NAME = "$(TARGET_NAME)";
				SWIFT_VERSION = 3.0;
			};
			name = Release;
		};
		0C4BD72C1FDF9932005D79D6 /* Debug */ = {
			isa = XCBuildConfiguration;
			buildSettings = {
				ALWAYS_EMBED_SWIFT_STANDARD_LIBRARIES = YES;
				BUNDLE_LOADER = "$(TEST_HOST)";
				DEVELOPMENT_TEAM = LW9EP5U6JZ;
				INFOPLIST_FILE = DynamicCollectionviewTests/Info.plist;
				LD_RUNPATH_SEARCH_PATHS = "$(inherited) @executable_path/Frameworks @loader_path/Frameworks";
				PRODUCT_BUNDLE_IDENTIFIER = com.dominatorhouse.DynamicCollectionviewTests;
				PRODUCT_NAME = "$(TARGET_NAME)";
				SWIFT_VERSION = 3.0;
				TEST_HOST = "$(BUILT_PRODUCTS_DIR)/DynamicCollectionview.app/DynamicCollectionview";
			};
			name = Debug;
		};
		0C4BD72D1FDF9932005D79D6 /* Release */ = {
			isa = XCBuildConfiguration;
			buildSettings = {
				ALWAYS_EMBED_SWIFT_STANDARD_LIBRARIES = YES;
				BUNDLE_LOADER = "$(TEST_HOST)";
				DEVELOPMENT_TEAM = LW9EP5U6JZ;
				INFOPLIST_FILE = DynamicCollectionviewTests/Info.plist;
				LD_RUNPATH_SEARCH_PATHS = "$(inherited) @executable_path/Frameworks @loader_path/Frameworks";
				PRODUCT_BUNDLE_IDENTIFIER = com.dominatorhouse.DynamicCollectionviewTests;
				PRODUCT_NAME = "$(TARGET_NAME)";
				SWIFT_VERSION = 3.0;
				TEST_HOST = "$(BUILT_PRODUCTS_DIR)/DynamicCollectionview.app/DynamicCollectionview";
			};
			name = Release;
		};
		0C4BD72F1FDF9932005D79D6 /* Debug */ = {
			isa = XCBuildConfiguration;
			buildSettings = {
				ALWAYS_EMBED_SWIFT_STANDARD_LIBRARIES = YES;
				DEVELOPMENT_TEAM = LW9EP5U6JZ;
				INFOPLIST_FILE = DynamicCollectionviewUITests/Info.plist;
				LD_RUNPATH_SEARCH_PATHS = "$(inherited) @executable_path/Frameworks @loader_path/Frameworks";
				PRODUCT_BUNDLE_IDENTIFIER = com.dominatorhouse.DynamicCollectionviewUITests;
				PRODUCT_NAME = "$(TARGET_NAME)";
				SWIFT_VERSION = 3.0;
				TEST_TARGET_NAME = DynamicCollectionview;
			};
			name = Debug;
		};
		0C4BD7301FDF9932005D79D6 /* Release */ = {
			isa = XCBuildConfiguration;
			buildSettings = {
				ALWAYS_EMBED_SWIFT_STANDARD_LIBRARIES = YES;
				DEVELOPMENT_TEAM = LW9EP5U6JZ;
				INFOPLIST_FILE = DynamicCollectionviewUITests/Info.plist;
				LD_RUNPATH_SEARCH_PATHS = "$(inherited) @executable_path/Frameworks @loader_path/Frameworks";
				PRODUCT_BUNDLE_IDENTIFIER = com.dominatorhouse.DynamicCollectionviewUITests;
				PRODUCT_NAME = "$(TARGET_NAME)";
				SWIFT_VERSION = 3.0;
				TEST_TARGET_NAME = DynamicCollectionview;
			};
			name = Release;
		};
/* End XCBuildConfiguration section */

/* Begin XCConfigurationList section */
		0C4BD6FB1FDF9931005D79D6 /* Build configuration list for PBXProject "DynamicCollectionview" */ = {
			isa = XCConfigurationList;
			buildConfigurations = (
				0C4BD7261FDF9932005D79D6 /* Debug */,
				0C4BD7271FDF9932005D79D6 /* Release */,
			);
			defaultConfigurationIsVisible = 0;
			defaultConfigurationName = Release;
		};
		0C4BD7281FDF9932005D79D6 /* Build configuration list for PBXNativeTarget "DynamicCollectionview" */ = {
			isa = XCConfigurationList;
			buildConfigurations = (
				0C4BD7291FDF9932005D79D6 /* Debug */,
				0C4BD72A1FDF9932005D79D6 /* Release */,
			);
			defaultConfigurationIsVisible = 0;
			defaultConfigurationName = Release;
		};
		0C4BD72B1FDF9932005D79D6 /* Build configuration list for PBXNativeTarget "DynamicCollectionviewTests" */ = {
			isa = XCConfigurationList;
			buildConfigurations = (
				0C4BD72C1FDF9932005D79D6 /* Debug */,
				0C4BD72D1FDF9932005D79D6 /* Release */,
			);
			defaultConfigurationIsVisible = 0;
			defaultConfigurationName = Release;
		};
		0C4BD72E1FDF9932005D79D6 /* Build configuration list for PBXNativeTarget "DynamicCollectionviewUITests" */ = {
			isa = XCConfigurationList;
			buildConfigurations = (
				0C4BD72F1FDF9932005D79D6 /* Debug */,
				0C4BD7301FDF9932005D79D6 /* Release */,
			);
			defaultConfigurationIsVisible = 0;
			defaultConfigurationName = Release;
		};
/* End XCConfigurationList section */
	};
	rootObject = 0C4BD6F81FDF9931005D79D6 /* Project object */;
}
